# This file was autogenerated by Stack.
# You should not edit this file by hand.
# For more information, please see the documentation at:
#   https://docs.haskellstack.org/en/stable/lock_files

packages:
- completed:
    hackage: json-0.11@sha256:3afa37628415992fe648da6f002672f5a0119aa5d49022bf928d10a927c29318,3250
    pantry-tree:
      sha256: 71526412887c0e9b5fe732f629fd1771e6fcce132ebe7bb1a95d6c509372c902
      size: 3190
  original:
    hackage: json-0.11
- completed:
    hackage: sqlite-simple-0.4.19.0@sha256:2996a0cef2ac99925ffb51cbf99d0a3fc129d67f3ece2294f14edb277d7b32d5,3153
    pantry-tree:
      sha256: 328b696862be96e4eb3769a3ef2ebf2ebf82fb85ae71c114826b81e85dc876c5
      size: 1930
  original:
    hackage: sqlite-simple-0.4.19.0
- completed:
    hackage: direct-sqlite-2.3.29@sha256:6ff3969a6eae383c8a9ab093abfee7f7b0ed76dab045c984a1497b7e1d71279d,4180
    pantry-tree:
      sha256: 794455a2e32dc749ff32d8907bc51d810f79b963d5e21c42bc8555bc34bbd625
      size: 770
  original:
    hackage: direct-sqlite-2.3.29
snapshots:
- completed:
    sha256: 8e7996960d864443a66eb4105338bbdd6830377b9f6f99cd5527ef73c10c01e7
    size: 719128
    url: https://raw.githubusercontent.com/commercialhaskell/stackage-snapshots/master/lts/22/26.yaml
  original: lts-22.26
